// !$*UTF8*$!
{
	archiveVersion = 1;
	classes = {
	};
	objectVersion = 52;
	objects = {

/* Begin PBXBuildFile section */
		474AE30326088FE1004F42AD /* Credentials.swift in Sources */ = {isa = PBXBuildFile; fileRef = 474AE30226088FE1004F42AD /* Credentials.swift */; };
		478ECD9F26089C95007F53A5 /* SignInService.swift in Sources */ = {isa = PBXBuildFile; fileRef = 478ECD9E26089C95007F53A5 /* SignInService.swift */; };
		478ECDA426089F32007F53A5 /* Moya in Frameworks */ = {isa = PBXBuildFile; productRef = 478ECDA326089F32007F53A5 /* Moya */; };
		478ECDA626089F32007F53A5 /* ReactiveMoya in Frameworks */ = {isa = PBXBuildFile; productRef = 478ECDA526089F32007F53A5 /* ReactiveMoya */; };
		478ECDA826089F32007F53A5 /* RxMoya in Frameworks */ = {isa = PBXBuildFile; productRef = 478ECDA726089F32007F53A5 /* RxMoya */; };
		478ECDAB2608A260007F53A5 /* AppContainer.swift in Sources */ = {isa = PBXBuildFile; fileRef = 478ECDAA2608A260007F53A5 /* AppContainer.swift */; };
		47F080B6260867580020D1B3 /* AppDelegate.swift in Sources */ = {isa = PBXBuildFile; fileRef = 47F080B5260867580020D1B3 /* AppDelegate.swift */; };
		47F080B8260867580020D1B3 /* SceneDelegate.swift in Sources */ = {isa = PBXBuildFile; fileRef = 47F080B7260867580020D1B3 /* SceneDelegate.swift */; };
		47F080BA260867580020D1B3 /* SignInViewController.swift in Sources */ = {isa = PBXBuildFile; fileRef = 47F080B9260867580020D1B3 /* SignInViewController.swift */; };
		47F080BF260867590020D1B3 /* Assets.xcassets in Resources */ = {isa = PBXBuildFile; fileRef = 47F080BE260867590020D1B3 /* Assets.xcassets */; };
		47F080C2260867590020D1B3 /* LaunchScreen.storyboard in Resources */ = {isa = PBXBuildFile; fileRef = 47F080C0260867590020D1B3 /* LaunchScreen.storyboard */; };
		47F080CF26086D4F0020D1B3 /* AppCoordinator.swift in Sources */ = {isa = PBXBuildFile; fileRef = 47F080CE26086D4F0020D1B3 /* AppCoordinator.swift */; };
		47F080D226086D740020D1B3 /* Coordinator.swift in Sources */ = {isa = PBXBuildFile; fileRef = 47F080D126086D740020D1B3 /* Coordinator.swift */; };
		47F080D626086E810020D1B3 /* StartViewController.swift in Sources */ = {isa = PBXBuildFile; fileRef = 47F080D526086E810020D1B3 /* StartViewController.swift */; };
		47F080DA26086F130020D1B3 /* StartCoordinator.swift in Sources */ = {isa = PBXBuildFile; fileRef = 47F080D926086F130020D1B3 /* StartCoordinator.swift */; };
		47F080E026086FEB0020D1B3 /* SignInCoordinator.swift in Sources */ = {isa = PBXBuildFile; fileRef = 47F080DF26086FEB0020D1B3 /* SignInCoordinator.swift */; };
		47F080E5260883F60020D1B3 /* RxSwift in Frameworks */ = {isa = PBXBuildFile; productRef = 47F080E4260883F60020D1B3 /* RxSwift */; };
		47F080E7260883F60020D1B3 /* RxRelay in Frameworks */ = {isa = PBXBuildFile; productRef = 47F080E6260883F60020D1B3 /* RxRelay */; };
		47F080E9260883F60020D1B3 /* RxCocoa in Frameworks */ = {isa = PBXBuildFile; productRef = 47F080E8260883F60020D1B3 /* RxCocoa */; };
		47F080EB260883F60020D1B3 /* RxBlocking in Frameworks */ = {isa = PBXBuildFile; productRef = 47F080EA260883F60020D1B3 /* RxBlocking */; };
		47F080F2260884DF0020D1B3 /* SignInViewModel.swift in Sources */ = {isa = PBXBuildFile; fileRef = 47F080F1260884DF0020D1B3 /* SignInViewModel.swift */; };
/* End PBXBuildFile section */

/* Begin PBXFileReference section */
		474AE30226088FE1004F42AD /* Credentials.swift */ = {isa = PBXFileReference; lastKnownFileType = sourcecode.swift; path = Credentials.swift; sourceTree = "<group>"; };
		478ECD9E26089C95007F53A5 /* SignInService.swift */ = {isa = PBXFileReference; lastKnownFileType = sourcecode.swift; path = SignInService.swift; sourceTree = "<group>"; };
		478ECDAA2608A260007F53A5 /* AppContainer.swift */ = {isa = PBXFileReference; lastKnownFileType = sourcecode.swift; path = AppContainer.swift; sourceTree = "<group>"; };
		47F080B2260867580020D1B3 /* SwiftTestQuest.app */ = {isa = PBXFileReference; explicitFileType = wrapper.application; includeInIndex = 0; path = SwiftTestQuest.app; sourceTree = BUILT_PRODUCTS_DIR; };
		47F080B5260867580020D1B3 /* AppDelegate.swift */ = {isa = PBXFileReference; lastKnownFileType = sourcecode.swift; path = AppDelegate.swift; sourceTree = "<group>"; };
		47F080B7260867580020D1B3 /* SceneDelegate.swift */ = {isa = PBXFileReference; lastKnownFileType = sourcecode.swift; path = SceneDelegate.swift; sourceTree = "<group>"; };
		47F080B9260867580020D1B3 /* SignInViewController.swift */ = {isa = PBXFileReference; lastKnownFileType = sourcecode.swift; path = SignInViewController.swift; sourceTree = "<group>"; };
		47F080BE260867590020D1B3 /* Assets.xcassets */ = {isa = PBXFileReference; lastKnownFileType = folder.assetcatalog; path = Assets.xcassets; sourceTree = "<group>"; };
		47F080C1260867590020D1B3 /* Base */ = {isa = PBXFileReference; lastKnownFileType = file.storyboard; name = Base; path = Base.lproj/LaunchScreen.storyboard; sourceTree = "<group>"; };
		47F080C3260867590020D1B3 /* Info.plist */ = {isa = PBXFileReference; lastKnownFileType = text.plist.xml; path = Info.plist; sourceTree = "<group>"; };
		47F080CE26086D4F0020D1B3 /* AppCoordinator.swift */ = {isa = PBXFileReference; lastKnownFileType = sourcecode.swift; path = AppCoordinator.swift; sourceTree = "<group>"; };
		47F080D126086D740020D1B3 /* Coordinator.swift */ = {isa = PBXFileReference; lastKnownFileType = sourcecode.swift; path = Coordinator.swift; sourceTree = "<group>"; };
		47F080D526086E810020D1B3 /* StartViewController.swift */ = {isa = PBXFileReference; lastKnownFileType = sourcecode.swift; path = StartViewController.swift; sourceTree = "<group>"; };
		47F080D926086F130020D1B3 /* StartCoordinator.swift */ = {isa = PBXFileReference; lastKnownFileType = sourcecode.swift; path = StartCoordinator.swift; sourceTree = "<group>"; };
		47F080DF26086FEB0020D1B3 /* SignInCoordinator.swift */ = {isa = PBXFileReference; lastKnownFileType = sourcecode.swift; path = SignInCoordinator.swift; sourceTree = "<group>"; };
		47F080F1260884DF0020D1B3 /* SignInViewModel.swift */ = {isa = PBXFileReference; lastKnownFileType = sourcecode.swift; path = SignInViewModel.swift; sourceTree = "<group>"; };
/* End PBXFileReference section */

/* Begin PBXFrameworksBuildPhase section */
		47F080AF260867580020D1B3 /* Frameworks */ = {
			isa = PBXFrameworksBuildPhase;
			buildActionMask = 2147483647;
			files = (
				47F080E9260883F60020D1B3 /* RxCocoa in Frameworks */,
				47F080EB260883F60020D1B3 /* RxBlocking in Frameworks */,
				47F080E7260883F60020D1B3 /* RxRelay in Frameworks */,
				478ECDA426089F32007F53A5 /* Moya in Frameworks */,
				478ECDA826089F32007F53A5 /* RxMoya in Frameworks */,
				47F080E5260883F60020D1B3 /* RxSwift in Frameworks */,
				478ECDA626089F32007F53A5 /* ReactiveMoya in Frameworks */,
			);
			runOnlyForDeploymentPostprocessing = 0;
		};
/* End PBXFrameworksBuildPhase section */

/* Begin PBXGroup section */
		474AE2FE26088FCE004F42AD /* Model */ = {
			isa = PBXGroup;
			children = (
				474AE30226088FE1004F42AD /* Credentials.swift */,
			);
			path = Model;
			sourceTree = "<group>";
		};
		478ECD9D26089C1B007F53A5 /* Network */ = {
			isa = PBXGroup;
			children = (
				478ECD9E26089C95007F53A5 /* SignInService.swift */,
			);
			path = Network;
			sourceTree = "<group>";
		};
		478ECDAD2608A3D3007F53A5 /* Protocol */ = {
			isa = PBXGroup;
			children = (
				47F080D126086D740020D1B3 /* Coordinator.swift */,
			);
			path = Protocol;
			sourceTree = "<group>";
		};
		47F080A9260867580020D1B3 = {
			isa = PBXGroup;
			children = (
				47F080B4260867580020D1B3 /* SwiftTestQuest */,
				47F080B3260867580020D1B3 /* Products */,
			);
			sourceTree = "<group>";
		};
		47F080B3260867580020D1B3 /* Products */ = {
			isa = PBXGroup;
			children = (
				47F080B2260867580020D1B3 /* SwiftTestQuest.app */,
			);
			name = Products;
			sourceTree = "<group>";
		};
		47F080B4260867580020D1B3 /* SwiftTestQuest */ = {
			isa = PBXGroup;
			children = (
				478ECDAD2608A3D3007F53A5 /* Protocol */,
				478ECD9D26089C1B007F53A5 /* Network */,
				474AE2FE26088FCE004F42AD /* Model */,
				47F080F02608849E0020D1B3 /* Start */,
				47F080EF2608849A0020D1B3 /* SignIn */,
				47F080B7260867580020D1B3 /* SceneDelegate.swift */,
				47F080B5260867580020D1B3 /* AppDelegate.swift */,
				478ECDAA2608A260007F53A5 /* AppContainer.swift */,
				47F080CE26086D4F0020D1B3 /* AppCoordinator.swift */,
				47F080BE260867590020D1B3 /* Assets.xcassets */,
				47F080C0260867590020D1B3 /* LaunchScreen.storyboard */,
				47F080C3260867590020D1B3 /* Info.plist */,
			);
			path = SwiftTestQuest;
			sourceTree = "<group>";
		};
		47F080EF2608849A0020D1B3 /* SignIn */ = {
			isa = PBXGroup;
			children = (
				47F080DF26086FEB0020D1B3 /* SignInCoordinator.swift */,
				47F080B9260867580020D1B3 /* SignInViewController.swift */,
				47F080F1260884DF0020D1B3 /* SignInViewModel.swift */,
			);
			path = SignIn;
			sourceTree = "<group>";
		};
		47F080F02608849E0020D1B3 /* Start */ = {
			isa = PBXGroup;
			children = (
				47F080D926086F130020D1B3 /* StartCoordinator.swift */,
				47F080D526086E810020D1B3 /* StartViewController.swift */,
			);
			path = Start;
			sourceTree = "<group>";
		};
/* End PBXGroup section */

/* Begin PBXNativeTarget section */
		47F080B1260867580020D1B3 /* SwiftTestQuest */ = {
			isa = PBXNativeTarget;
			buildConfigurationList = 47F080C6260867590020D1B3 /* Build configuration list for PBXNativeTarget "SwiftTestQuest" */;
			buildPhases = (
				47F080AE260867580020D1B3 /* Sources */,
				47F080AF260867580020D1B3 /* Frameworks */,
				47F080B0260867580020D1B3 /* Resources */,
			);
			buildRules = (
			);
			dependencies = (
			);
			name = SwiftTestQuest;
			packageProductDependencies = (
				47F080E4260883F60020D1B3 /* RxSwift */,
				47F080E6260883F60020D1B3 /* RxRelay */,
				47F080E8260883F60020D1B3 /* RxCocoa */,
				47F080EA260883F60020D1B3 /* RxBlocking */,
				478ECDA326089F32007F53A5 /* Moya */,
				478ECDA526089F32007F53A5 /* ReactiveMoya */,
				478ECDA726089F32007F53A5 /* RxMoya */,
			);
			productName = SwiftTestQuest;
			productReference = 47F080B2260867580020D1B3 /* SwiftTestQuest.app */;
			productType = "com.apple.product-type.application";
		};
/* End PBXNativeTarget section */

/* Begin PBXProject section */
		47F080AA260867580020D1B3 /* Project object */ = {
			isa = PBXProject;
			attributes = {
				LastSwiftUpdateCheck = 1220;
				LastUpgradeCheck = 1220;
				TargetAttributes = {
					47F080B1260867580020D1B3 = {
						CreatedOnToolsVersion = 12.2;
					};
				};
			};
			buildConfigurationList = 47F080AD260867580020D1B3 /* Build configuration list for PBXProject "SwiftTestQuest" */;
			compatibilityVersion = "Xcode 9.3";
			developmentRegion = en;
			hasScannedForEncodings = 0;
			knownRegions = (
				en,
				Base,
			);
			mainGroup = 47F080A9260867580020D1B3;
			packageReferences = (
				47F080E3260883F60020D1B3 /* XCRemoteSwiftPackageReference "RxSwift" */,
				478ECDA226089F32007F53A5 /* XCRemoteSwiftPackageReference "Moya" */,
			);
			productRefGroup = 47F080B3260867580020D1B3 /* Products */;
			projectDirPath = "";
			projectRoot = "";
			targets = (
				47F080B1260867580020D1B3 /* SwiftTestQuest */,
			);
		};
/* End PBXProject section */

/* Begin PBXResourcesBuildPhase section */
		47F080B0260867580020D1B3 /* Resources */ = {
			isa = PBXResourcesBuildPhase;
			buildActionMask = 2147483647;
			files = (
				47F080C2260867590020D1B3 /* LaunchScreen.storyboard in Resources */,
				47F080BF260867590020D1B3 /* Assets.xcassets in Resources */,
			);
			runOnlyForDeploymentPostprocessing = 0;
		};
/* End PBXResourcesBuildPhase section */

/* Begin PBXSourcesBuildPhase section */
		47F080AE260867580020D1B3 /* Sources */ = {
			isa = PBXSourcesBuildPhase;
			buildActionMask = 2147483647;
			files = (
				478ECDAB2608A260007F53A5 /* AppContainer.swift in Sources */,
				47F080CF26086D4F0020D1B3 /* AppCoordinator.swift in Sources */,
				47F080BA260867580020D1B3 /* SignInViewController.swift in Sources */,
				47F080D226086D740020D1B3 /* Coordinator.swift in Sources */,
				478ECD9F26089C95007F53A5 /* SignInService.swift in Sources */,
				47F080B6260867580020D1B3 /* AppDelegate.swift in Sources */,
				47F080B8260867580020D1B3 /* SceneDelegate.swift in Sources */,
				47F080DA26086F130020D1B3 /* StartCoordinator.swift in Sources */,
				474AE30326088FE1004F42AD /* Credentials.swift in Sources */,
				47F080E026086FEB0020D1B3 /* SignInCoordinator.swift in Sources */,
				47F080F2260884DF0020D1B3 /* SignInViewModel.swift in Sources */,
				47F080D626086E810020D1B3 /* StartViewController.swift in Sources */,
			);
			runOnlyForDeploymentPostprocessing = 0;
		};
/* End PBXSourcesBuildPhase section */

/* Begin PBXVariantGroup section */
		47F080C0260867590020D1B3 /* LaunchScreen.storyboard */ = {
			isa = PBXVariantGroup;
			children = (
				47F080C1260867590020D1B3 /* Base */,
			);
			name = LaunchScreen.storyboard;
			sourceTree = "<group>";
		};
/* End PBXVariantGroup section */

/* Begin XCBuildConfiguration section */
		47F080C4260867590020D1B3 /* Debug */ = {
			isa = XCBuildConfiguration;
			buildSettings = {
				ALWAYS_SEARCH_USER_PATHS = NO;
				CLANG_ANALYZER_NONNULL = YES;
				CLANG_ANALYZER_NUMBER_OBJECT_CONVERSION = YES_AGGRESSIVE;
				CLANG_CXX_LANGUAGE_STANDARD = "gnu++14";
				CLANG_CXX_LIBRARY = "libc++";
				CLANG_ENABLE_MODULES = YES;
				CLANG_ENABLE_OBJC_ARC = YES;
				CLANG_ENABLE_OBJC_WEAK = YES;
				CLANG_WARN_BLOCK_CAPTURE_AUTORELEASING = YES;
				CLANG_WARN_BOOL_CONVERSION = YES;
				CLANG_WARN_COMMA = YES;
				CLANG_WARN_CONSTANT_CONVERSION = YES;
				CLANG_WARN_DEPRECATED_OBJC_IMPLEMENTATIONS = YES;
				CLANG_WARN_DIRECT_OBJC_ISA_USAGE = YES_ERROR;
				CLANG_WARN_DOCUMENTATION_COMMENTS = YES;
				CLANG_WARN_EMPTY_BODY = YES;
				CLANG_WARN_ENUM_CONVERSION = YES;
				CLANG_WARN_INFINITE_RECURSION = YES;
				CLANG_WARN_INT_CONVERSION = YES;
				CLANG_WARN_NON_LITERAL_NULL_CONVERSION = YES;
				CLANG_WARN_OBJC_IMPLICIT_RETAIN_SELF = YES;
				CLANG_WARN_OBJC_LITERAL_CONVERSION = YES;
				CLANG_WARN_OBJC_ROOT_CLASS = YES_ERROR;
				CLANG_WARN_QUOTED_INCLUDE_IN_FRAMEWORK_HEADER = YES;
				CLANG_WARN_RANGE_LOOP_ANALYSIS = YES;
				CLANG_WARN_STRICT_PROTOTYPES = YES;
				CLANG_WARN_SUSPICIOUS_MOVE = YES;
				CLANG_WARN_UNGUARDED_AVAILABILITY = YES_AGGRESSIVE;
				CLANG_WARN_UNREACHABLE_CODE = YES;
				CLANG_WARN__DUPLICATE_METHOD_MATCH = YES;
				COPY_PHASE_STRIP = NO;
				DEBUG_INFORMATION_FORMAT = dwarf;
				ENABLE_STRICT_OBJC_MSGSEND = YES;
				ENABLE_TESTABILITY = YES;
				GCC_C_LANGUAGE_STANDARD = gnu11;
				GCC_DYNAMIC_NO_PIC = NO;
				GCC_NO_COMMON_BLOCKS = YES;
				GCC_OPTIMIZATION_LEVEL = 0;
				GCC_PREPROCESSOR_DEFINITIONS = (
					"DEBUG=1",
					"$(inherited)",
				);
				GCC_WARN_64_TO_32_BIT_CONVERSION = YES;
				GCC_WARN_ABOUT_RETURN_TYPE = YES_ERROR;
				GCC_WARN_UNDECLARED_SELECTOR = YES;
				GCC_WARN_UNINITIALIZED_AUTOS = YES_AGGRESSIVE;
				GCC_WARN_UNUSED_FUNCTION = YES;
				GCC_WARN_UNUSED_VARIABLE = YES;
				IPHONEOS_DEPLOYMENT_TARGET = 14.2;
				MTL_ENABLE_DEBUG_INFO = INCLUDE_SOURCE;
				MTL_FAST_MATH = YES;
				ONLY_ACTIVE_ARCH = YES;
				SDKROOT = iphoneos;
				SWIFT_ACTIVE_COMPILATION_CONDITIONS = DEBUG;
				SWIFT_OPTIMIZATION_LEVEL = "-Onone";
			};
			name = Debug;
		};
		47F080C5260867590020D1B3 /* Release */ = {
			isa = XCBuildConfiguration;
			buildSettings = {
				ALWAYS_SEARCH_USER_PATHS = NO;
				CLANG_ANALYZER_NONNULL = YES;
				CLANG_ANALYZER_NUMBER_OBJECT_CONVERSION = YES_AGGRESSIVE;
				CLANG_CXX_LANGUAGE_STANDARD = "gnu++14";
				CLANG_CXX_LIBRARY = "libc++";
				CLANG_ENABLE_MODULES = YES;
				CLANG_ENABLE_OBJC_ARC = YES;
				CLANG_ENABLE_OBJC_WEAK = YES;
				CLANG_WARN_BLOCK_CAPTURE_AUTORELEASING = YES;
				CLANG_WARN_BOOL_CONVERSION = YES;
				CLANG_WARN_COMMA = YES;
				CLANG_WARN_CONSTANT_CONVERSION = YES;
				CLANG_WARN_DEPRECATED_OBJC_IMPLEMENTATIONS = YES;
				CLANG_WARN_DIRECT_OBJC_ISA_USAGE = YES_ERROR;
				CLANG_WARN_DOCUMENTATION_COMMENTS = YES;
				CLANG_WARN_EMPTY_BODY = YES;
				CLANG_WARN_ENUM_CONVERSION = YES;
				CLANG_WARN_INFINITE_RECURSION = YES;
				CLANG_WARN_INT_CONVERSION = YES;
				CLANG_WARN_NON_LITERAL_NULL_CONVERSION = YES;
				CLANG_WARN_OBJC_IMPLICIT_RETAIN_SELF = YES;
				CLANG_WARN_OBJC_LITERAL_CONVERSION = YES;
				CLANG_WARN_OBJC_ROOT_CLASS = YES_ERROR;
				CLANG_WARN_QUOTED_INCLUDE_IN_FRAMEWORK_HEADER = YES;
				CLANG_WARN_RANGE_LOOP_ANALYSIS = YES;
				CLANG_WARN_STRICT_PROTOTYPES = YES;
				CLANG_WARN_SUSPICIOUS_MOVE = YES;
				CLANG_WARN_UNGUARDED_AVAILABILITY = YES_AGGRESSIVE;
				CLANG_WARN_UNREACHABLE_CODE = YES;
				CLANG_WARN__DUPLICATE_METHOD_MATCH = YES;
				COPY_PHASE_STRIP = NO;
				DEBUG_INFORMATION_FORMAT = "dwarf-with-dsym";
				ENABLE_NS_ASSERTIONS = NO;
				ENABLE_STRICT_OBJC_MSGSEND = YES;
				GCC_C_LANGUAGE_STANDARD = gnu11;
				GCC_NO_COMMON_BLOCKS = YES;
				GCC_WARN_64_TO_32_BIT_CONVERSION = YES;
				GCC_WARN_ABOUT_RETURN_TYPE = YES_ERROR;
				GCC_WARN_UNDECLARED_SELECTOR = YES;
				GCC_WARN_UNINITIALIZED_AUTOS = YES_AGGRESSIVE;
				GCC_WARN_UNUSED_FUNCTION = YES;
				GCC_WARN_UNUSED_VARIABLE = YES;
				IPHONEOS_DEPLOYMENT_TARGET = 14.2;
				MTL_ENABLE_DEBUG_INFO = NO;
				MTL_FAST_MATH = YES;
				SDKROOT = iphoneos;
				SWIFT_COMPILATION_MODE = wholemodule;
				SWIFT_OPTIMIZATION_LEVEL = "-O";
				VALIDATE_PRODUCT = YES;
			};
			name = Release;
		};
		47F080C7260867590020D1B3 /* Debug */ = {
			isa = XCBuildConfiguration;
			buildSettings = {
				ASSETCATALOG_COMPILER_APPICON_NAME = AppIcon;
				ASSETCATALOG_COMPILER_GLOBAL_ACCENT_COLOR_NAME = AccentColor;
				CODE_SIGN_STYLE = Automatic;
				DEVELOPMENT_TEAM = 9YCB9AHU2Z;
				INFOPLIST_FILE = SwiftTestQuest/Info.plist;
				LD_RUNPATH_SEARCH_PATHS = (
					"$(inherited)",
					"@executable_path/Frameworks",
				);
				PRODUCT_BUNDLE_IDENTIFIER = com.mikitapakatovich.orion.SwiftTestQuest;
				PRODUCT_NAME = "$(TARGET_NAME)";
				SWIFT_VERSION = 5.0;
				TARGETED_DEVICE_FAMILY = "1,2";
			};
			name = Debug;
		};
		47F080C8260867590020D1B3 /* Release */ = {
			isa = XCBuildConfiguration;
			buildSettings = {
				ASSETCATALOG_COMPILER_APPICON_NAME = AppIcon;
				ASSETCATALOG_COMPILER_GLOBAL_ACCENT_COLOR_NAME = AccentColor;
				CODE_SIGN_STYLE = Automatic;
				DEVELOPMENT_TEAM = 9YCB9AHU2Z;
				INFOPLIST_FILE = SwiftTestQuest/Info.plist;
				LD_RUNPATH_SEARCH_PATHS = (
					"$(inherited)",
					"@executable_path/Frameworks",
				);
				PRODUCT_BUNDLE_IDENTIFIER = com.mikitapakatovich.orion.SwiftTestQuest;
				PRODUCT_NAME = "$(TARGET_NAME)";
				SWIFT_VERSION = 5.0;
				TARGETED_DEVICE_FAMILY = "1,2";
			};
			name = Release;
		};
/* End XCBuildConfiguration section */

/* Begin XCConfigurationList section */
		47F080AD260867580020D1B3 /* Build configuration list for PBXProject "SwiftTestQuest" */ = {
			isa = XCConfigurationList;
			buildConfigurations = (
				47F080C4260867590020D1B3 /* Debug */,
				47F080C5260867590020D1B3 /* Release */,
			);
			defaultConfigurationIsVisible = 0;
			defaultConfigurationName = Release;
		};
		47F080C6260867590020D1B3 /* Build configuration list for PBXNativeTarget "SwiftTestQuest" */ = {
			isa = XCConfigurationList;
			buildConfigurations = (
				47F080C7260867590020D1B3 /* Debug */,
				47F080C8260867590020D1B3 /* Release */,
			);
			defaultConfigurationIsVisible = 0;
			defaultConfigurationName = Release;
		};
/* End XCConfigurationList section */

/* Begin XCRemoteSwiftPackageReference section */
		478ECDA226089F32007F53A5 /* XCRemoteSwiftPackageReference "Moya" */ = {
			isa = XCRemoteSwiftPackageReference;
			repositoryURL = "https://github.com/Moya/Moya";
			requirement = {
				kind = upToNextMajorVersion;
				minimumVersion = 14.0.1;
			};
		};
		47F080E3260883F60020D1B3 /* XCRemoteSwiftPackageReference "RxSwift" */ = {
			isa = XCRemoteSwiftPackageReference;
			repositoryURL = "https://github.com/ReactiveX/RxSwift";
			requirement = {
				kind = exactVersion;
				version = 5.1.2;
			};
		};
/* End XCRemoteSwiftPackageReference section */

/* Begin XCSwiftPackageProductDependency section */
		478ECDA326089F32007F53A5 /* Moya */ = {
			isa = XCSwiftPackageProductDependency;
			package = 478ECDA226089F32007F53A5 /* XCRemoteSwiftPackageReference "Moya" */;
			productName = Moya;
		};
		478ECDA526089F32007F53A5 /* ReactiveMoya */ = {
			isa = XCSwiftPackageProductDependency;
			package = 478ECDA226089F32007F53A5 /* XCRemoteSwiftPackageReference "Moya" */;
			productName = ReactiveMoya;
		};
		478ECDA726089F32007F53A5 /* RxMoya */ = {
			isa = XCSwiftPackageProductDependency;
			package = 478ECDA226089F32007F53A5 /* XCRemoteSwiftPackageReference "Moya" */;
			productName = RxMoya;
		};
		47F080E4260883F60020D1B3 /* RxSwift */ = {
			isa = XCSwiftPackageProductDependency;
			package = 47F080E3260883F60020D1B3 /* XCRemoteSwiftPackageReference "RxSwift" */;
			productName = RxSwift;
		};
		47F080E6260883F60020D1B3 /* RxRelay */ = {
			isa = XCSwiftPackageProductDependency;
			package = 47F080E3260883F60020D1B3 /* XCRemoteSwiftPackageReference "RxSwift" */;
			productName = RxRelay;
		};
		47F080E8260883F60020D1B3 /* RxCocoa */ = {
			isa = XCSwiftPackageProductDependency;
			package = 47F080E3260883F60020D1B3 /* XCRemoteSwiftPackageReference "RxSwift" */;
			productName = RxCocoa;
		};
		47F080EA260883F60020D1B3 /* RxBlocking */ = {
			isa = XCSwiftPackageProductDependency;
			package = 47F080E3260883F60020D1B3 /* XCRemoteSwiftPackageReference "RxSwift" */;
			productName = RxBlocking;
		};
/* End XCSwiftPackageProductDependency section */
	};
	rootObject = 47F080AA260867580020D1B3 /* Project object */;
}
